
Microsoft Visual Studio Solution File, Format Version 12.00
Project("{FAE04EC0-301F-11D3-BF4B-00C04F79EFBC}") = "Org.Grush.Lib.RecordCollections", "Org.Grush.Lib.RecordCollections\Org.Grush.Lib.RecordCollections.csproj", "{396F3BA1-AFAB-43C3-B4CA-2C2FDBBF1BBE}"
EndProject
Project("{FAE04EC0-301F-11D3-BF4B-00C04F79EFBC}") = "Org.Grush.Lib.RecordCollections.Tests", "Org.Grush.Lib.RecordCollections.Tests\Org.Grush.Lib.RecordCollections.Tests.csproj", "{0CB9515F-4E50-4298-9868-68B124784C8D}"
EndProject
Global
	GlobalSection(SolutionConfigurationPlatforms) = preSolution
		Debug|Any CPU = Debug|Any CPU
		Release|Any CPU = Release|Any CPU
	EndGlobalSection
	GlobalSection(ProjectConfigurationPlatforms) = postSolution
		{396F3BA1-AFAB-43C3-B4CA-2C2FDBBF1BBE}.Debug|Any CPU.ActiveCfg = Debug|Any CPU
		{396F3BA1-AFAB-43C3-B4CA-2C2FDBBF1BBE}.Debug|Any CPU.Build.0 = Debug|Any CPU
		{396F3BA1-AFAB-43C3-B4CA-2C2FDBBF1BBE}.Release|Any CPU.ActiveCfg = Release|Any CPU
		{396F3BA1-AFAB-43C3-B4CA-2C2FDBBF1BBE}.Release|Any CPU.Build.0 = Release|Any CPU
		{0CB9515F-4E50-4298-9868-68B124784C8D}.Debug|Any CPU.ActiveCfg = Debug|Any CPU
		{0CB9515F-4E50-4298-9868-68B124784C8D}.Debug|Any CPU.Build.0 = Debug|Any CPU
		{0CB9515F-4E50-4298-9868-68B124784C8D}.Release|Any CPU.ActiveCfg = Release|Any CPU
		{0CB9515F-4E50-4298-9868-68B124784C8D}.Release|Any CPU.Build.0 = Release|Any CPU
	EndGlobalSection
EndGlobal
